// !$*UTF8*$!
{
	archiveVersion = 1;
	classes = {
	};
	objectVersion = 46;
	objects = {

/* Begin PBXBuildFile section */
		AF1BF44B1B54462200D5CBB9 /* AppDelegate.swift in Sources */ = {isa = PBXBuildFile; fileRef = AF1BF44A1B54462200D5CBB9 /* AppDelegate.swift */; };
		AF1BF44E1B54462200D5CBB9 /* testeTS.xcdatamodeld in Sources */ = {isa = PBXBuildFile; fileRef = AF1BF44C1B54462200D5CBB9 /* testeTS.xcdatamodeld */; };
		AF1BF4501B54462200D5CBB9 /* ViewController.swift in Sources */ = {isa = PBXBuildFile; fileRef = AF1BF44F1B54462200D5CBB9 /* ViewController.swift */; };
		AF1BF4531B54462200D5CBB9 /* Main.storyboard in Resources */ = {isa = PBXBuildFile; fileRef = AF1BF4511B54462200D5CBB9 /* Main.storyboard */; };
		AF1BF4551B54462200D5CBB9 /* Images.xcassets in Resources */ = {isa = PBXBuildFile; fileRef = AF1BF4541B54462200D5CBB9 /* Images.xcassets */; };
		AF1BF4581B54462200D5CBB9 /* LaunchScreen.xib in Resources */ = {isa = PBXBuildFile; fileRef = AF1BF4561B54462200D5CBB9 /* LaunchScreen.xib */; };
		AF1BF4641B54462200D5CBB9 /* testeTSTests.swift in Sources */ = {isa = PBXBuildFile; fileRef = AF1BF4631B54462200D5CBB9 /* testeTSTests.swift */; };
/* End PBXBuildFile section */

/* Begin PBXContainerItemProxy section */
		AF1BF45E1B54462200D5CBB9 /* PBXContainerItemProxy */ = {
			isa = PBXContainerItemProxy;
			containerPortal = AF1BF43D1B54462200D5CBB9 /* Project object */;
			proxyType = 1;
			remoteGlobalIDString = AF1BF4441B54462200D5CBB9;
			remoteInfo = testeTS;
		};
/* End PBXContainerItemProxy section */

/* Begin PBXFileReference section */
		AF1BF4451B54462200D5CBB9 /* testeTS.app */ = {isa = PBXFileReference; explicitFileType = wrapper.application; includeInIndex = 0; path = testeTS.app; sourceTree = BUILT_PRODUCTS_DIR; };
		AF1BF4491B54462200D5CBB9 /* Info.plist */ = {isa = PBXFileReference; lastKnownFileType = text.plist.xml; path = Info.plist; sourceTree = "<group>"; };
		AF1BF44A1B54462200D5CBB9 /* AppDelegate.swift */ = {isa = PBXFileReference; lastKnownFileType = sourcecode.swift; path = AppDelegate.swift; sourceTree = "<group>"; };
		AF1BF44D1B54462200D5CBB9 /* testeTS.xcdatamodel */ = {isa = PBXFileReference; lastKnownFileType = wrapper.xcdatamodel; path = testeTS.xcdatamodel; sourceTree = "<group>"; };
		AF1BF44F1B54462200D5CBB9 /* ViewController.swift */ = {isa = PBXFileReference; lastKnownFileType = sourcecode.swift; path = ViewController.swift; sourceTree = "<group>"; };
		AF1BF4521B54462200D5CBB9 /* Base */ = {isa = PBXFileReference; lastKnownFileType = file.storyboard; name = Base; path = Base.lproj/Main.storyboard; sourceTree = "<group>"; };
		AF1BF4541B54462200D5CBB9 /* Images.xcassets */ = {isa = PBXFileReference; lastKnownFileType = folder.assetcatalog; path = Images.xcassets; sourceTree = "<group>"; };
		AF1BF4571B54462200D5CBB9 /* Base */ = {isa = PBXFileReference; lastKnownFileType = file.xib; name = Base; path = Base.lproj/LaunchScreen.xib; sourceTree = "<group>"; };
		AF1BF45D1B54462200D5CBB9 /* testeTSTests.xctest */ = {isa = PBXFileReference; explicitFileType = wrapper.cfbundle; includeInIndex = 0; path = testeTSTests.xctest; sourceTree = BUILT_PRODUCTS_DIR; };
		AF1BF4621B54462200D5CBB9 /* Info.plist */ = {isa = PBXFileReference; lastKnownFileType = text.plist.xml; path = Info.plist; sourceTree = "<group>"; };
		AF1BF4631B54462200D5CBB9 /* testeTSTests.swift */ = {isa = PBXFileReference; lastKnownFileType = sourcecode.swift; path = testeTSTests.swift; sourceTree = "<group>"; };
/* End PBXFileReference section */

/* Begin PBXFrameworksBuildPhase section */
		AF1BF4421B54462200D5CBB9 /* Frameworks */ = {
			isa = PBXFrameworksBuildPhase;
			buildActionMask = 2147483647;
			files = (
			);
			runOnlyForDeploymentPostprocessing = 0;
		};
		AF1BF45A1B54462200D5CBB9 /* Frameworks */ = {
			isa = PBXFrameworksBuildPhase;
			buildActionMask = 2147483647;
			files = (
			);
			runOnlyForDeploymentPostprocessing = 0;
		};
/* End PBXFrameworksBuildPhase section */

/* Begin PBXGroup section */
		AF1BF43C1B54462200D5CBB9 = {
			isa = PBXGroup;
			children = (
				AF1BF4471B54462200D5CBB9 /* testeTS */,
				AF1BF4601B54462200D5CBB9 /* testeTSTests */,
				AF1BF4461B54462200D5CBB9 /* Products */,
			);
			sourceTree = "<group>";
		};
		AF1BF4461B54462200D5CBB9 /* Products */ = {
			isa = PBXGroup;
			children = (
				AF1BF4451B54462200D5CBB9 /* testeTS.app */,
				AF1BF45D1B54462200D5CBB9 /* testeTSTests.xctest */,
			);
			name = Products;
			sourceTree = "<group>";
		};
		AF1BF4471B54462200D5CBB9 /* testeTS */ = {
			isa = PBXGroup;
			children = (
				AF1BF44A1B54462200D5CBB9 /* AppDelegate.swift */,
				AF1BF44F1B54462200D5CBB9 /* ViewController.swift */,
				AF1BF4511B54462200D5CBB9 /* Main.storyboard */,
				AF1BF4541B54462200D5CBB9 /* Images.xcassets */,
				AF1BF4561B54462200D5CBB9 /* LaunchScreen.xib */,
				AF1BF44C1B54462200D5CBB9 /* testeTS.xcdatamodeld */,
				AF1BF4481B54462200D5CBB9 /* Supporting Files */,
			);
			path = testeTS;
			sourceTree = "<group>";
		};
		AF1BF4481B54462200D5CBB9 /* Supporting Files */ = {
			isa = PBXGroup;
			children = (
				AF1BF4491B54462200D5CBB9 /* Info.plist */,
			);
			name = "Supporting Files";
			sourceTree = "<group>";
		};
		AF1BF4601B54462200D5CBB9 /* testeTSTests */ = {
			isa = PBXGroup;
			children = (
				AF1BF4631B54462200D5CBB9 /* testeTSTests.swift */,
				AF1BF4611B54462200D5CBB9 /* Supporting Files */,
			);
			path = testeTSTests;
			sourceTree = "<group>";
		};
		AF1BF4611B54462200D5CBB9 /* Supporting Files */ = {
			isa = PBXGroup;
			children = (
				AF1BF4621B54462200D5CBB9 /* Info.plist */,
			);
			name = "Supporting Files";
			sourceTree = "<group>";
		};
/* End PBXGroup section */

/* Begin PBXNativeTarget section */
		AF1BF4441B54462200D5CBB9 /* testeTS */ = {
			isa = PBXNativeTarget;
			buildConfigurationList = AF1BF4671B54462200D5CBB9 /* Build configuration list for PBXNativeTarget "testeTS" */;
			buildPhases = (
				AF1BF4411B54462200D5CBB9 /* Sources */,
				AF1BF4421B54462200D5CBB9 /* Frameworks */,
				AF1BF4431B54462200D5CBB9 /* Resources */,
			);
			buildRules = (
			);
			dependencies = (
			);
			name = testeTS;
			productName = testeTS;
			productReference = AF1BF4451B54462200D5CBB9 /* testeTS.app */;
			productType = "com.apple.product-type.application";
		};
		AF1BF45C1B54462200D5CBB9 /* testeTSTests */ = {
			isa = PBXNativeTarget;
			buildConfigurationList = AF1BF46A1B54462200D5CBB9 /* Build configuration list for PBXNativeTarget "testeTSTests" */;
			buildPhases = (
				AF1BF4591B54462200D5CBB9 /* Sources */,
				AF1BF45A1B54462200D5CBB9 /* Frameworks */,
				AF1BF45B1B54462200D5CBB9 /* Resources */,
			);
			buildRules = (
			);
			dependencies = (
				AF1BF45F1B54462200D5CBB9 /* PBXTargetDependency */,
			);
			name = testeTSTests;
			productName = testeTSTests;
			productReference = AF1BF45D1B54462200D5CBB9 /* testeTSTests.xctest */;
			productType = "com.apple.product-type.bundle.unit-test";
		};
/* End PBXNativeTarget section */

/* Begin PBXProject section */
		AF1BF43D1B54462200D5CBB9 /* Project object */ = {
			isa = PBXProject;
			attributes = {
				LastUpgradeCheck = 0640;
				ORGANIZATIONNAME = TTGW;
				TargetAttributes = {
					AF1BF4441B54462200D5CBB9 = {
						CreatedOnToolsVersion = 6.4;
					};
					AF1BF45C1B54462200D5CBB9 = {
						CreatedOnToolsVersion = 6.4;
						TestTargetID = AF1BF4441B54462200D5CBB9;
					};
				};
			};
			buildConfigurationList = AF1BF4401B54462200D5CBB9 /* Build configuration list for PBXProject "testeTS" */;
			compatibilityVersion = "Xcode 3.2";
			developmentRegion = English;
			hasScannedForEncodings = 0;
			knownRegions = (
				en,
				Base,
			);
			mainGroup = AF1BF43C1B54462200D5CBB9;
			productRefGroup = AF1BF4461B54462200D5CBB9 /* Products */;
			projectDirPath = "";
			projectRoot = "";
			targets = (
				AF1BF4441B54462200D5CBB9 /* testeTS */,
				AF1BF45C1B54462200D5CBB9 /* testeTSTests */,
			);
		};
/* End PBXProject section */

/* Begin PBXResourcesBuildPhase section */
		AF1BF4431B54462200D5CBB9 /* Resources */ = {
			isa = PBXResourcesBuildPhase;
			buildActionMask = 2147483647;
			files = (
				AF1BF4531B54462200D5CBB9 /* Main.storyboard in Resources */,
				AF1BF4581B54462200D5CBB9 /* LaunchScreen.xib in Resources */,
				AF1BF4551B54462200D5CBB9 /* Images.xcassets in Resources */,
			);
			runOnlyForDeploymentPostprocessing = 0;
		};
		AF1BF45B1B54462200D5CBB9 /* Resources */ = {
			isa = PBXResourcesBuildPhase;
			buildActionMask = 2147483647;
			files = (
			);
			runOnlyForDeploymentPostprocessing = 0;
		};
/* End PBXResourcesBuildPhase section */

/* Begin PBXSourcesBuildPhase section */
		AF1BF4411B54462200D5CBB9 /* Sources */ = {
			isa = PBXSourcesBuildPhase;
			buildActionMask = 2147483647;
			files = (
				AF1BF4501B54462200D5CBB9 /* ViewController.swift in Sources */,
				AF1BF44E1B54462200D5CBB9 /* testeTS.xcdatamodeld in Sources */,
				AF1BF44B1B54462200D5CBB9 /* AppDelegate.swift in Sources */,
			);
			runOnlyForDeploymentPostprocessing = 0;
		};
		AF1BF4591B54462200D5CBB9 /* Sources */ = {
			isa = PBXSourcesBuildPhase;
			buildActionMask = 2147483647;
			files = (
				AF1BF4641B54462200D5CBB9 /* testeTSTests.swift in Sources */,
			);
			runOnlyForDeploymentPostprocessing = 0;
		};
/* End PBXSourcesBuildPhase section */

/* Begin PBXTargetDependency section */
		AF1BF45F1B54462200D5CBB9 /* PBXTargetDependency */ = {
			isa = PBXTargetDependency;
			target = AF1BF4441B54462200D5CBB9 /* testeTS */;
			targetProxy = AF1BF45E1B54462200D5CBB9 /* PBXContainerItemProxy */;
		};
/* End PBXTargetDependency section */

/* Begin PBXVariantGroup section */
		AF1BF4511B54462200D5CBB9 /* Main.storyboard */ = {
			isa = PBXVariantGroup;
			children = (
				AF1BF4521B54462200D5CBB9 /* Base */,
			);
			name = Main.storyboard;
			sourceTree = "<group>";
		};
		AF1BF4561B54462200D5CBB9 /* LaunchScreen.xib */ = {
			isa = PBXVariantGroup;
			children = (
				AF1BF4571B54462200D5CBB9 /* Base */,
			);
			name = LaunchScreen.xib;
			sourceTree = "<group>";
		};
/* End PBXVariantGroup section */

/* Begin XCBuildConfiguration section */
		AF1BF4651B54462200D5CBB9 /* Debug */ = {
			isa = XCBuildConfiguration;
			buildSettings = {
				ALWAYS_SEARCH_USER_PATHS = NO;
				CLANG_CXX_LANGUAGE_STANDARD = "gnu++0x";
				CLANG_CXX_LIBRARY = "libc++";
				CLANG_ENABLE_MODULES = YES;
				CLANG_ENABLE_OBJC_ARC = YES;
				CLANG_WARN_BOOL_CONVERSION = YES;
				CLANG_WARN_CONSTANT_CONVERSION = YES;
				CLANG_WARN_DIRECT_OBJC_ISA_USAGE = YES_ERROR;
				CLANG_WARN_EMPTY_BODY = YES;
				CLANG_WARN_ENUM_CONVERSION = YES;
				CLANG_WARN_INT_CONVERSION = YES;
				CLANG_WARN_OBJC_ROOT_CLASS = YES_ERROR;
				CLANG_WARN_UNREACHABLE_CODE = YES;
				CLANG_WARN__DUPLICATE_METHOD_MATCH = YES;
				"CODE_SIGN_IDENTITY[sdk=iphoneos*]" = "iPhone Developer";
				COPY_PHASE_STRIP = NO;
				DEBUG_INFORMATION_FORMAT = "dwarf-with-dsym";
				ENABLE_STRICT_OBJC_MSGSEND = YES;
				GCC_C_LANGUAGE_STANDARD = gnu99;
				GCC_DYNAMIC_NO_PIC = NO;
				GCC_NO_COMMON_BLOCKS = YES;
				GCC_OPTIMIZATION_LEVEL = 0;
				GCC_PREPROCESSOR_DEFINITIONS = (
					"DEBUG=1",
					"$(inherited)",
				);
				GCC_SYMBOLS_PRIVATE_EXTERN = NO;
				GCC_WARN_64_TO_32_BIT_CONVERSION = YES;
				GCC_WARN_ABOUT_RETURN_TYPE = YES_ERROR;
				GCC_WARN_UNDECLARED_SELECTOR = YES;
				GCC_WARN_UNINITIALIZED_AUTOS = YES_AGGRESSIVE;
				GCC_WARN_UNUSED_FUNCTION = YES;
				GCC_WARN_UNUSED_VARIABLE = YES;
				IPHONEOS_DEPLOYMENT_TARGET = 8.4;
				MTL_ENABLE_DEBUG_INFO = YES;
				ONLY_ACTIVE_ARCH = YES;
				SDKROOT = iphoneos;
				SWIFT_OPTIMIZATION_LEVEL = "-Onone";
			};
			name = Debug;
		};
		AF1BF4661B54462200D5CBB9 /* Release */ = {
			isa = XCBuildConfiguration;
			buildSettings = {
				ALWAYS_SEARCH_USER_PATHS = NO;
				CLANG_CXX_LANGUAGE_STANDARD = "gnu++0x";
				CLANG_CXX_LIBRARY = "libc++";
				CLANG_ENABLE_MODULES = YES;
				CLANG_ENABLE_OBJC_ARC = YES;
				CLANG_WARN_BOOL_CONVERSION = YES;
				CLANG_WARN_CONSTANT_CONVERSION = YES;
				CLANG_WARN_DIRECT_OBJC_ISA_USAGE = YES_ERROR;
				CLANG_WARN_EMPTY_BODY = YES;
				CLANG_WARN_ENUM_CONVERSION = YES;
				CLANG_WARN_INT_CONVERSION = YES;
				CLANG_WARN_OBJC_ROOT_CLASS = YES_ERROR;
				CLANG_WARN_UNREACHABLE_CODE = YES;
				CLANG_WARN__DUPLICATE_METHOD_MATCH = YES;
				"CODE_SIGN_IDENTITY[sdk=iphoneos*]" = "iPhone Developer";
				COPY_PHASE_STRIP = NO;
				DEBUG_INFORMATION_FORMAT = "dwarf-with-dsym";
				ENABLE_NS_ASSERTIONS = NO;
				ENABLE_STRICT_OBJC_MSGSEND = YES;
				GCC_C_LANGUAGE_STANDARD = gnu99;
				GCC_NO_COMMON_BLOCKS = YES;
				GCC_WARN_64_TO_32_BIT_CONVERSION = YES;
				GCC_WARN_ABOUT_RETURN_TYPE = YES_ERROR;
				GCC_WARN_UNDECLARED_SELECTOR = YES;
				GCC_WARN_UNINITIALIZED_AUTOS = YES_AGGRESSIVE;
				GCC_WARN_UNUSED_FUNCTION = YES;
				GCC_WARN_UNUSED_VARIABLE = YES;
				IPHONEOS_DEPLOYMENT_TARGET = 8.4;
				MTL_ENABLE_DEBUG_INFO = NO;
				SDKROOT = iphoneos;
				VALIDATE_PRODUCT = YES;
			};
			name = Release;
		};
		AF1BF4681B54462200D5CBB9 /* Debug */ = {
			isa = XCBuildConfiguration;
			buildSettings = {
				ASSETCATALOG_COMPILER_APPICON_NAME = AppIcon;
				INFOPLIST_FILE = testeTS/Info.plist;
				LD_RUNPATH_SEARCH_PATHS = "$(inherited) @executable_path/Frameworks";
				PRODUCT_NAME = "$(TARGET_NAME)";
			};
			name = Debug;
		};
		AF1BF4691B54462200D5CBB9 /* Release */ = {
			isa = XCBuildConfiguration;
			buildSettings = {
				ASSETCATALOG_COMPILER_APPICON_NAME = AppIcon;
				INFOPLIST_FILE = testeTS/Info.plist;
				LD_RUNPATH_SEARCH_PATHS = "$(inherited) @executable_path/Frameworks";
				PRODUCT_NAME = "$(TARGET_NAME)";
			};
			name = Release;
		};
		AF1BF46B1B54462200D5CBB9 /* Debug */ = {
			isa = XCBuildConfiguration;
			buildSettings = {
				BUNDLE_LOADER = "$(TEST_HOST)";
				FRAMEWORK_SEARCH_PATHS = (
					"$(SDKROOT)/Developer/Library/Frameworks",
					"$(inherited)",
				);
				GCC_PREPROCESSOR_DEFINITIONS = (
					"DEBUG=1",
					"$(inherited)",
				);
				INFOPLIST_FILE = testeTSTests/Info.plist;
				LD_RUNPATH_SEARCH_PATHS = "$(inherited) @executable_path/Frameworks @loader_path/Frameworks";
				PRODUCT_NAME = "$(TARGET_NAME)";
				TEST_HOST = "$(BUILT_PRODUCTS_DIR)/testeTS.app/testeTS";
			};
			name = Debug;
		};
		AF1BF46C1B54462200D5CBB9 /* Release */ = {
			isa = XCBuildConfiguration;
			buildSettings = {
				BUNDLE_LOADER = "$(TEST_HOST)";
				FRAMEWORK_SEARCH_PATHS = (
					"$(SDKROOT)/Developer/Library/Frameworks",
					"$(inherited)",
				);
				INFOPLIST_FILE = testeTSTests/Info.plist;
				LD_RUNPATH_SEARCH_PATHS = "$(inherited) @executable_path/Frameworks @loader_path/Frameworks";
				PRODUCT_NAME = "$(TARGET_NAME)";
				TEST_HOST = "$(BUILT_PRODUCTS_DIR)/testeTS.app/testeTS";
			};
			name = Release;
		};
/* End XCBuildConfiguration section */

/* Begin XCConfigurationList section */
		AF1BF4401B54462200D5CBB9 /* Build configuration list for PBXProject "testeTS" */ = {
			isa = XCConfigurationList;
			buildConfigurations = (
				AF1BF4651B54462200D5CBB9 /* Debug */,
				AF1BF4661B54462200D5CBB9 /* Release */,
			);
			defaultConfigurationIsVisible = 0;
			defaultConfigurationName = Release;
		};
		AF1BF4671B54462200D5CBB9 /* Build configuration list for PBXNativeTarget "testeTS" */ = {
			isa = XCConfigurationList;
			buildConfigurations = (
				AF1BF4681B54462200D5CBB9 /* Debug */,
				AF1BF4691B54462200D5CBB9 /* Release */,
			);
			defaultConfigurationIsVisible = 0;
		};
		AF1BF46A1B54462200D5CBB9 /* Build configuration list for PBXNativeTarget "testeTSTests" */ = {
			isa = XCConfigurationList;
			buildConfigurations = (
				AF1BF46B1B54462200D5CBB9 /* Debug */,
				AF1BF46C1B54462200D5CBB9 /* Release */,
			);
			defaultConfigurationIsVisible = 0;
		};
/* End XCConfigurationList section */

/* Begin XCVersionGroup section */
		AF1BF44C1B54462200D5CBB9 /* testeTS.xcdatamodeld */ = {
			isa = XCVersionGroup;
			children = (
				AF1BF44D1B54462200D5CBB9 /* testeTS.xcdatamodel */,
			);
			currentVersion = AF1BF44D1B54462200D5CBB9 /* testeTS.xcdatamodel */;
			path = testeTS.xcdatamodeld;
			sourceTree = "<group>";
			versionGroupType = wrapper.xcdatamodel;
		};
/* End XCVersionGroup section */
	};
	rootObject = AF1BF43D1B54462200D5CBB9 /* Project object */;
}
